npm@^3.7.2:
  version "3.10.10"
  resolved "https://registry.yarnpkg.com/npm/-/npm-3.10.10.tgz#5b1d577e4c8869d6c8603bc89e9cd1637303e46e"
  integrity sha512-VbvFURAJQhfbrtySugmKtI7SwTvi4F4BVjVVxTrIi8IncKcjKtTuxJtM9ZNTsqV2XdsFB3NQZzI+U+afzgJH4g==
  dependencies:
    abbrev "~1.0.9"
    ansicolors "~0.3.2"
    ansistyles "~0.1.3"
    aproba "~1.0.4"
    archy "~1.0.0"
    asap "~2.0.5"
    chownr "~1.0.1"
    cmd-shim "~2.0.2"
    columnify "~1.5.4"
    config-chain "~1.1.11"
    dezalgo "~1.0.3"
    editor "~1.0.0"
    fs-vacuum "~1.2.9"
    fs-write-stream-atomic "~1.0.8"
    fstream "~1.0.10"
    fstream-npm "~1.2.0"
    glob "~7.1.0"
    graceful-fs "~4.1.9"
    has-unicode "~2.0.1"
    hosted-git-info "~2.1.5"
    iferr "~0.1.5"
    inflight "~1.0.5"
    inherits "~2.0.3"
    ini "~1.3.4"
    init-package-json "~1.9.4"
    lockfile "~1.0.2"
    lodash._baseuniq "~4.6.0"
    lodash.clonedeep "~4.5.0"
    lodash.union "~4.6.0"
    lodash.uniq "~4.5.0"
    lodash.without "~4.4.0"
    mkdirp "~0.5.1"
    node-gyp "~3.4.0"
    nopt "~3.0.6"
    normalize-git-url "~3.0.2"
    normalize-package-data "~2.3.5"
    npm-cache-filename "~1.0.2"
    npm-install-checks "~3.0.0"
    npm-package-arg "~4.2.0"
    npm-registry-client "~7.2.1"
    npm-user-validate "~0.1.5"
    npmlog "~4.0.0"
    once "~1.4.0"
    opener "~1.4.2"
    osenv "~0.1.3"
    path-is-inside "~1.0.2"
    read "~1.0.7"
    read-cmd-shim "~1.0.1"
    read-installed "~4.0.3"
    read-package-json "~2.0.4"
    read-package-tree "~5.1.5"
    readable-stream "~2.1.5"
    realize-package-specifier "~3.0.3"
    request "~2.75.0"
    retry "~0.10.0"
    rimraf "~2.5.4"
    semver "~5.3.0"
    sha "~2.0.1"
    slide "~1.1.6"
    sorted-object "~2.0.1"
    strip-ansi "~3.0.1"
    tar "~2.2.1"
    text-table "~0.2.0"
    uid-number "0.0.6"
    umask "~1.1.0"
    unique-filename "~1.1.0"
    unpipe "~1.0.0"
    validate-npm-package-name "~2.2.2"
    which "~1.2.11"
    wrappy "~1.0.2"
    write-file-atomic "~1.2.0"
